
Microsoft Visual Studio Solution File, Format Version 12.00
# Visual Studio Version 16
VisualStudioVersion = 16.0.29324.140
MinimumVisualStudioVersion = 10.0.40219.1
Project("{FAE04EC0-301F-11D3-BF4B-00C04F79EFBC}") = "DigispelRaddad", "DigispelRaddad\DigispelRaddad.csproj", "{D86D1076-8FD3-4869-B07F-4D570237623B}"
EndProject
Global
	GlobalSection(SolutionConfigurationPlatforms) = preSolution
		Debug|Any CPU = Debug|Any CPU
		Release|Any CPU = Release|Any CPU
	EndGlobalSection
	GlobalSection(ProjectConfigurationPlatforms) = postSolution
		{D86D1076-8FD3-4869-B07F-4D570237623B}.Debug|Any CPU.ActiveCfg = Debug|Any CPU
		{D86D1076-8FD3-4869-B07F-4D570237623B}.Debug|Any CPU.Build.0 = Debug|Any CPU
		{D86D1076-8FD3-4869-B07F-4D570237623B}.Release|Any CPU.ActiveCfg = Release|Any CPU
		{D86D1076-8FD3-4869-B07F-4D570237623B}.Release|Any CPU.Build.0 = Release|Any CPU
	EndGlobalSection
	GlobalSection(SolutionProperties) = preSolution
		HideSolutionNode = FALSE
	EndGlobalSection
	GlobalSection(ExtensibilityGlobals) = postSolution
		SolutionGuid = {8AD01FCE-063F-49E3-B198-2B8BE2A90ADD}
	EndGlobalSection
EndGlobal
